# This file was autogenerated by Stack.
# You should not edit this file by hand.
# For more information, please see the documentation at:
#   https://docs.haskellstack.org/en/stable/lock_files

packages:
- completed:
    hackage: base-unicode-symbols-0.2.4.2@sha256:5dc87284ab8d612fefdc32400bf2531db809a9a617c344b85ac752396aa1e7c6,2407
    pantry-tree:
      size: 1164
      sha256: fa1b15fd95e43ebc916ef7bb7f5069862c12c948dad57ceae6da5319c188bce9
  original:
    hackage: base-unicode-symbols-0.2.4.2
- completed:
    hackage: hsc2hs-0.68.4@sha256:9b54e07645b1be27c8cd80d8b077284e49b1df991338f463ac32739c588d129d,2441
    pantry-tree:
      size: 1259
      sha256: b5e61c36f3318e619276e66af567990314ab41b24de8b533d32891f702de018b
  original:
    hackage: hsc2hs-0.68.4
snapshots:
- completed:
    size: 523884
    url: https://raw.githubusercontent.com/commercialhaskell/stackage-snapshots/master/lts/14/4.yaml
    sha256: 16f24be248b42c9e16d59db84378836b1e7c239448a041cae46d32daffa45a8b
  original: lts-14.4
